{
  "name": "surplus-ssr",
  "version": "1.0.0",
  "lockfileVersion": 1,
  "requires": true,
  "dependencies": {
    "domino": {
      "version": "2.0.2",
      "resolved": "https://registry.npmjs.org/domino/-/domino-2.0.2.tgz",
      "integrity": "sha512-vzykUakUw5s1p0RrN/vI2sShYo3pLRy/z7PM1PuOIZIlMOJ0XfOnrckGE5f4MxIQVe5XcrH7yG9mR+l77mgLVA=="
    }
  }
}
